
Microsoft Visual Studio Solution File, Format Version 12.00
Project("{2150E333-8FDC-42A3-9474-1A3956D46DE8}") = "Compiler", "Compiler", "{326C5139-A204-41B7-BD9D-5C13C3A108AA}"
EndProject
Project("{F2A71F9B-5D33-465A-A702-920D77279786}") = "Ares.Parser", "Ares.Parser\Ares.Parser.fsproj", "{30D142E3-0B3D-4B81-8BFA-200628DF8A64}"
EndProject
Project("{FAE04EC0-301F-11D3-BF4B-00C04F79EFBC}") = "Ares.Compiler", "Ares.Compiler\Ares.Compiler.csproj", "{205516ED-1308-4F35-854F-ADE3AA0421F9}"
EndProject
Project("{2150E333-8FDC-42A3-9474-1A3956D46DE8}") = "Example", "Example", "{2FA9A289-1F44-4E8E-B32C-3ACE6E168F08}"
EndProject
Project("{FAE04EC0-301F-11D3-BF4B-00C04F79EFBC}") = "Ares.CompileExample", "Ares.CompileExample\Ares.CompileExample.csproj", "{CEC4B442-03C8-400E-8DB6-59A3AF433E11}"
EndProject
Project("{F2A71F9B-5D33-465A-A702-920D77279786}") = "Ares.Parser.Tests", "Ares.Parser.Tests\Ares.Parser.Tests.fsproj", "{2A6D3BB7-9B9F-4AC2-8C37-8C90CA74C2F0}"
EndProject
Project("{2150E333-8FDC-42A3-9474-1A3956D46DE8}") = "Explorer", "Explorer", "{CF808E79-2AD9-46E0-9426-5ED0D1FA5117}"
EndProject
Project("{FAE04EC0-301F-11D3-BF4B-00C04F79EFBC}") = "Ares.Webasm", "Ares.Webasm\Ares.Webasm.csproj", "{6C62519F-DFE3-456E-B9BE-7722CA5F9926}"
EndProject
Project("{FAE04EC0-301F-11D3-BF4B-00C04F79EFBC}") = "Ares.Compiler.Tests", "Ares.Compiler.Tests\Ares.Compiler.Tests.csproj", "{DBEFE0B4-841C-41E9-856B-E8F8520E8409}"
EndProject
Project("{FAE04EC0-301F-11D3-BF4B-00C04F79EFBC}") = "Ares.Compiler.TypeScriptGenerator", "Ares.Compiler.TypeScriptGenerator\Ares.Compiler.TypeScriptGenerator.csproj", "{57738E82-9D89-40E5-88D3-AFF567DC4B66}"
EndProject
Project("{2150E333-8FDC-42A3-9474-1A3956D46DE8}") = "Modules", "Modules", "{A07968F2-9F94-4014-BEC6-CE3F9B58B8D3}"
EndProject
Project("{FAE04EC0-301F-11D3-BF4B-00C04F79EFBC}") = "Ares.Modules.StandardLibrary", "Ares.Modules.StandardLibrary\Ares.Modules.StandardLibrary.csproj", "{BCD438F9-E205-442C-9DC1-794BFE7E8346}"
EndProject
Project("{FAE04EC0-301F-11D3-BF4B-00C04F79EFBC}") = "Ares.Module", "Ares.Module\Ares.Module.csproj", "{FA8FF0F5-3537-4B15-AD4D-A6C550FFD0F7}"
EndProject
Project("{2150E333-8FDC-42A3-9474-1A3956D46DE8}") = "Parser", "Parser", "{1627B8CF-FF3F-45B4-9A79-00CD0593EC6E}"
EndProject
Project("{2150E333-8FDC-42A3-9474-1A3956D46DE8}") = "Tokens", "Tokens", "{E3D26F0A-F670-4845-9562-036DFAB8B470}"
EndProject
Project("{FAE04EC0-301F-11D3-BF4B-00C04F79EFBC}") = "Ares.Compiler.Tokens", "Ares.Compiler.Tokens\Ares.Compiler.Tokens.csproj", "{39CE0CC9-3888-41A7-A7C9-83AAB56B7807}"
EndProject
Project("{2150E333-8FDC-42A3-9474-1A3956D46DE8}") = "Analysis", "Analysis", "{C6A8497E-1802-42A5-93DC-2C527B79CB1E}"
EndProject
Project("{FAE04EC0-301F-11D3-BF4B-00C04F79EFBC}") = "Ares.Compiler.Analysis", "Ares.Compiler.Analysis\Ares.Compiler.Analysis.csproj", "{A695037F-6937-48EA-9115-BAAB1132A99D}"
EndProject
Project("{FAE04EC0-301F-11D3-BF4B-00C04F79EFBC}") = "Ares.Compiler.Analysis.Tests", "Ares.Compiler.Analysis.Tests\Ares.Compiler.Analysis.Tests.csproj", "{C57B8B55-6F08-4F53-9D24-A7EF6779F514}"
EndProject
Project("{2150E333-8FDC-42A3-9474-1A3956D46DE8}") = "Checkpoints", "Checkpoints", "{27105EA2-11A4-4DD4-A751-8582392D7059}"
EndProject
Project("{FAE04EC0-301F-11D3-BF4B-00C04F79EFBC}") = "Ares.Compiler.Checkpoints", "Ares.Compiler.Checkpoints\Ares.Compiler.Checkpoints.csproj", "{655EE031-CC5A-4736-9DDF-A2EB4E01CB84}"
EndProject
Project("{FAE04EC0-301F-11D3-BF4B-00C04F79EFBC}") = "Ares.Compiler.Checkpoints.Tests", "Ares.Compiler.Checkpoints.Tests\Ares.Compiler.Checkpoints.Tests.csproj", "{A9C83E76-40D4-4100-AC0A-F4712E40318E}"
EndProject
Project("{2150E333-8FDC-42A3-9474-1A3956D46DE8}") = "Tables", "Tables", "{A54856C7-F923-4BB4-85D4-53DBCAE0DD5B}"
EndProject
Project("{FAE04EC0-301F-11D3-BF4B-00C04F79EFBC}") = "Ares.Compiler.Tables", "Ares.Compiler.Tables\Ares.Compiler.Tables.csproj", "{300304C8-0F31-41A5-92D4-1F77FA87012F}"
EndProject
Project("{FAE04EC0-301F-11D3-BF4B-00C04F79EFBC}") = "Ares.Compiler.Tables.Tests", "Ares.Compiler.Tables.Tests\Ares.Compiler.Tables.Tests.csproj", "{AB844677-EE6C-4A31-95D7-CAD2D8263BE4}"
EndProject
Project("{2150E333-8FDC-42A3-9474-1A3956D46DE8}") = "Runtime", "Runtime", "{9135EFE3-84D2-47CE-B286-4C3053E68BF2}"
EndProject
Project("{FAE04EC0-301F-11D3-BF4B-00C04F79EFBC}") = "Ares.Runtime", "Ares.Runtime\Ares.Runtime.csproj", "{4608D100-D542-4742-8BAF-C3283D9F7C67}"
EndProject
Project("{FAE04EC0-301F-11D3-BF4B-00C04F79EFBC}") = "Ares.Runtime.Tests", "Ares.Runtime.Tests\Ares.Runtime.Tests.csproj", "{61248EE1-AD2A-46AD-9F95-995107473934}"
EndProject
Global
	GlobalSection(SolutionConfigurationPlatforms) = preSolution
		Debug|Any CPU = Debug|Any CPU
		Release|Any CPU = Release|Any CPU
	EndGlobalSection
	GlobalSection(NestedProjects) = preSolution
		{205516ED-1308-4F35-854F-ADE3AA0421F9} = {326C5139-A204-41B7-BD9D-5C13C3A108AA}
		{CEC4B442-03C8-400E-8DB6-59A3AF433E11} = {2FA9A289-1F44-4E8E-B32C-3ACE6E168F08}
		{6C62519F-DFE3-456E-B9BE-7722CA5F9926} = {CF808E79-2AD9-46E0-9426-5ED0D1FA5117}
		{DBEFE0B4-841C-41E9-856B-E8F8520E8409} = {326C5139-A204-41B7-BD9D-5C13C3A108AA}
		{57738E82-9D89-40E5-88D3-AFF567DC4B66} = {326C5139-A204-41B7-BD9D-5C13C3A108AA}
		{BCD438F9-E205-442C-9DC1-794BFE7E8346} = {A07968F2-9F94-4014-BEC6-CE3F9B58B8D3}
		{FA8FF0F5-3537-4B15-AD4D-A6C550FFD0F7} = {A07968F2-9F94-4014-BEC6-CE3F9B58B8D3}
		{1627B8CF-FF3F-45B4-9A79-00CD0593EC6E} = {326C5139-A204-41B7-BD9D-5C13C3A108AA}
		{30D142E3-0B3D-4B81-8BFA-200628DF8A64} = {1627B8CF-FF3F-45B4-9A79-00CD0593EC6E}
		{2A6D3BB7-9B9F-4AC2-8C37-8C90CA74C2F0} = {1627B8CF-FF3F-45B4-9A79-00CD0593EC6E}
		{E3D26F0A-F670-4845-9562-036DFAB8B470} = {326C5139-A204-41B7-BD9D-5C13C3A108AA}
		{39CE0CC9-3888-41A7-A7C9-83AAB56B7807} = {E3D26F0A-F670-4845-9562-036DFAB8B470}
		{C6A8497E-1802-42A5-93DC-2C527B79CB1E} = {326C5139-A204-41B7-BD9D-5C13C3A108AA}
		{A695037F-6937-48EA-9115-BAAB1132A99D} = {C6A8497E-1802-42A5-93DC-2C527B79CB1E}
		{C57B8B55-6F08-4F53-9D24-A7EF6779F514} = {C6A8497E-1802-42A5-93DC-2C527B79CB1E}
		{27105EA2-11A4-4DD4-A751-8582392D7059} = {326C5139-A204-41B7-BD9D-5C13C3A108AA}
		{655EE031-CC5A-4736-9DDF-A2EB4E01CB84} = {27105EA2-11A4-4DD4-A751-8582392D7059}
		{A9C83E76-40D4-4100-AC0A-F4712E40318E} = {27105EA2-11A4-4DD4-A751-8582392D7059}
		{A54856C7-F923-4BB4-85D4-53DBCAE0DD5B} = {326C5139-A204-41B7-BD9D-5C13C3A108AA}
		{300304C8-0F31-41A5-92D4-1F77FA87012F} = {A54856C7-F923-4BB4-85D4-53DBCAE0DD5B}
		{AB844677-EE6C-4A31-95D7-CAD2D8263BE4} = {A54856C7-F923-4BB4-85D4-53DBCAE0DD5B}
		{4608D100-D542-4742-8BAF-C3283D9F7C67} = {9135EFE3-84D2-47CE-B286-4C3053E68BF2}
		{61248EE1-AD2A-46AD-9F95-995107473934} = {9135EFE3-84D2-47CE-B286-4C3053E68BF2}
	EndGlobalSection
	GlobalSection(ProjectConfigurationPlatforms) = postSolution
		{30D142E3-0B3D-4B81-8BFA-200628DF8A64}.Debug|Any CPU.ActiveCfg = Debug|Any CPU
		{30D142E3-0B3D-4B81-8BFA-200628DF8A64}.Debug|Any CPU.Build.0 = Debug|Any CPU
		{30D142E3-0B3D-4B81-8BFA-200628DF8A64}.Release|Any CPU.ActiveCfg = Release|Any CPU
		{30D142E3-0B3D-4B81-8BFA-200628DF8A64}.Release|Any CPU.Build.0 = Release|Any CPU
		{205516ED-1308-4F35-854F-ADE3AA0421F9}.Debug|Any CPU.ActiveCfg = Debug|Any CPU
		{205516ED-1308-4F35-854F-ADE3AA0421F9}.Debug|Any CPU.Build.0 = Debug|Any CPU
		{205516ED-1308-4F35-854F-ADE3AA0421F9}.Release|Any CPU.ActiveCfg = Release|Any CPU
		{205516ED-1308-4F35-854F-ADE3AA0421F9}.Release|Any CPU.Build.0 = Release|Any CPU
		{CEC4B442-03C8-400E-8DB6-59A3AF433E11}.Debug|Any CPU.ActiveCfg = Debug|Any CPU
		{CEC4B442-03C8-400E-8DB6-59A3AF433E11}.Debug|Any CPU.Build.0 = Debug|Any CPU
		{CEC4B442-03C8-400E-8DB6-59A3AF433E11}.Release|Any CPU.ActiveCfg = Release|Any CPU
		{CEC4B442-03C8-400E-8DB6-59A3AF433E11}.Release|Any CPU.Build.0 = Release|Any CPU
		{2A6D3BB7-9B9F-4AC2-8C37-8C90CA74C2F0}.Debug|Any CPU.ActiveCfg = Debug|Any CPU
		{2A6D3BB7-9B9F-4AC2-8C37-8C90CA74C2F0}.Debug|Any CPU.Build.0 = Debug|Any CPU
		{2A6D3BB7-9B9F-4AC2-8C37-8C90CA74C2F0}.Release|Any CPU.ActiveCfg = Release|Any CPU
		{2A6D3BB7-9B9F-4AC2-8C37-8C90CA74C2F0}.Release|Any CPU.Build.0 = Release|Any CPU
		{6C62519F-DFE3-456E-B9BE-7722CA5F9926}.Debug|Any CPU.ActiveCfg = Debug|Any CPU
		{6C62519F-DFE3-456E-B9BE-7722CA5F9926}.Debug|Any CPU.Build.0 = Debug|Any CPU
		{6C62519F-DFE3-456E-B9BE-7722CA5F9926}.Release|Any CPU.ActiveCfg = Release|Any CPU
		{6C62519F-DFE3-456E-B9BE-7722CA5F9926}.Release|Any CPU.Build.0 = Release|Any CPU
		{DBEFE0B4-841C-41E9-856B-E8F8520E8409}.Debug|Any CPU.ActiveCfg = Debug|Any CPU
		{DBEFE0B4-841C-41E9-856B-E8F8520E8409}.Debug|Any CPU.Build.0 = Debug|Any CPU
		{DBEFE0B4-841C-41E9-856B-E8F8520E8409}.Release|Any CPU.ActiveCfg = Release|Any CPU
		{DBEFE0B4-841C-41E9-856B-E8F8520E8409}.Release|Any CPU.Build.0 = Release|Any CPU
		{57738E82-9D89-40E5-88D3-AFF567DC4B66}.Debug|Any CPU.ActiveCfg = Debug|Any CPU
		{57738E82-9D89-40E5-88D3-AFF567DC4B66}.Debug|Any CPU.Build.0 = Debug|Any CPU
		{57738E82-9D89-40E5-88D3-AFF567DC4B66}.Release|Any CPU.ActiveCfg = Release|Any CPU
		{57738E82-9D89-40E5-88D3-AFF567DC4B66}.Release|Any CPU.Build.0 = Release|Any CPU
		{BCD438F9-E205-442C-9DC1-794BFE7E8346}.Debug|Any CPU.ActiveCfg = Debug|Any CPU
		{BCD438F9-E205-442C-9DC1-794BFE7E8346}.Debug|Any CPU.Build.0 = Debug|Any CPU
		{BCD438F9-E205-442C-9DC1-794BFE7E8346}.Release|Any CPU.ActiveCfg = Release|Any CPU
		{BCD438F9-E205-442C-9DC1-794BFE7E8346}.Release|Any CPU.Build.0 = Release|Any CPU
		{FA8FF0F5-3537-4B15-AD4D-A6C550FFD0F7}.Debug|Any CPU.ActiveCfg = Debug|Any CPU
		{FA8FF0F5-3537-4B15-AD4D-A6C550FFD0F7}.Debug|Any CPU.Build.0 = Debug|Any CPU
		{FA8FF0F5-3537-4B15-AD4D-A6C550FFD0F7}.Release|Any CPU.ActiveCfg = Release|Any CPU
		{FA8FF0F5-3537-4B15-AD4D-A6C550FFD0F7}.Release|Any CPU.Build.0 = Release|Any CPU
		{39CE0CC9-3888-41A7-A7C9-83AAB56B7807}.Debug|Any CPU.ActiveCfg = Debug|Any CPU
		{39CE0CC9-3888-41A7-A7C9-83AAB56B7807}.Debug|Any CPU.Build.0 = Debug|Any CPU
		{39CE0CC9-3888-41A7-A7C9-83AAB56B7807}.Release|Any CPU.ActiveCfg = Release|Any CPU
		{39CE0CC9-3888-41A7-A7C9-83AAB56B7807}.Release|Any CPU.Build.0 = Release|Any CPU
		{A695037F-6937-48EA-9115-BAAB1132A99D}.Debug|Any CPU.ActiveCfg = Debug|Any CPU
		{A695037F-6937-48EA-9115-BAAB1132A99D}.Debug|Any CPU.Build.0 = Debug|Any CPU
		{A695037F-6937-48EA-9115-BAAB1132A99D}.Release|Any CPU.ActiveCfg = Release|Any CPU
		{A695037F-6937-48EA-9115-BAAB1132A99D}.Release|Any CPU.Build.0 = Release|Any CPU
		{C57B8B55-6F08-4F53-9D24-A7EF6779F514}.Debug|Any CPU.ActiveCfg = Debug|Any CPU
		{C57B8B55-6F08-4F53-9D24-A7EF6779F514}.Debug|Any CPU.Build.0 = Debug|Any CPU
		{C57B8B55-6F08-4F53-9D24-A7EF6779F514}.Release|Any CPU.ActiveCfg = Release|Any CPU
		{C57B8B55-6F08-4F53-9D24-A7EF6779F514}.Release|Any CPU.Build.0 = Release|Any CPU
		{655EE031-CC5A-4736-9DDF-A2EB4E01CB84}.Debug|Any CPU.ActiveCfg = Debug|Any CPU
		{655EE031-CC5A-4736-9DDF-A2EB4E01CB84}.Debug|Any CPU.Build.0 = Debug|Any CPU
		{655EE031-CC5A-4736-9DDF-A2EB4E01CB84}.Release|Any CPU.ActiveCfg = Release|Any CPU
		{655EE031-CC5A-4736-9DDF-A2EB4E01CB84}.Release|Any CPU.Build.0 = Release|Any CPU
		{A9C83E76-40D4-4100-AC0A-F4712E40318E}.Debug|Any CPU.ActiveCfg = Debug|Any CPU
		{A9C83E76-40D4-4100-AC0A-F4712E40318E}.Debug|Any CPU.Build.0 = Debug|Any CPU
		{A9C83E76-40D4-4100-AC0A-F4712E40318E}.Release|Any CPU.ActiveCfg = Release|Any CPU
		{A9C83E76-40D4-4100-AC0A-F4712E40318E}.Release|Any CPU.Build.0 = Release|Any CPU
		{300304C8-0F31-41A5-92D4-1F77FA87012F}.Debug|Any CPU.ActiveCfg = Debug|Any CPU
		{300304C8-0F31-41A5-92D4-1F77FA87012F}.Debug|Any CPU.Build.0 = Debug|Any CPU
		{300304C8-0F31-41A5-92D4-1F77FA87012F}.Release|Any CPU.ActiveCfg = Release|Any CPU
		{300304C8-0F31-41A5-92D4-1F77FA87012F}.Release|Any CPU.Build.0 = Release|Any CPU
		{AB844677-EE6C-4A31-95D7-CAD2D8263BE4}.Debug|Any CPU.ActiveCfg = Debug|Any CPU
		{AB844677-EE6C-4A31-95D7-CAD2D8263BE4}.Debug|Any CPU.Build.0 = Debug|Any CPU
		{AB844677-EE6C-4A31-95D7-CAD2D8263BE4}.Release|Any CPU.ActiveCfg = Release|Any CPU
		{AB844677-EE6C-4A31-95D7-CAD2D8263BE4}.Release|Any CPU.Build.0 = Release|Any CPU
		{4608D100-D542-4742-8BAF-C3283D9F7C67}.Debug|Any CPU.ActiveCfg = Debug|Any CPU
		{4608D100-D542-4742-8BAF-C3283D9F7C67}.Debug|Any CPU.Build.0 = Debug|Any CPU
		{4608D100-D542-4742-8BAF-C3283D9F7C67}.Release|Any CPU.ActiveCfg = Release|Any CPU
		{4608D100-D542-4742-8BAF-C3283D9F7C67}.Release|Any CPU.Build.0 = Release|Any CPU
		{61248EE1-AD2A-46AD-9F95-995107473934}.Debug|Any CPU.ActiveCfg = Debug|Any CPU
		{61248EE1-AD2A-46AD-9F95-995107473934}.Debug|Any CPU.Build.0 = Debug|Any CPU
		{61248EE1-AD2A-46AD-9F95-995107473934}.Release|Any CPU.ActiveCfg = Release|Any CPU
		{61248EE1-AD2A-46AD-9F95-995107473934}.Release|Any CPU.Build.0 = Release|Any CPU
	EndGlobalSection
EndGlobal
