
Microsoft Visual Studio Solution File, Format Version 12.00
Project("{2150E333-8FDC-42A3-9474-1A3956D46DE8}") = "Compiler", "Compiler", "{326C5139-A204-41B7-BD9D-5C13C3A108AA}"
EndProject
Project("{F2A71F9B-5D33-465A-A702-920D77279786}") = "Ares.Compiler.Parser", "Ares.Compiler.Parser\Ares.Compiler.Parser.fsproj", "{30D142E3-0B3D-4B81-8BFA-200628DF8A64}"
EndProject
Project("{FAE04EC0-301F-11D3-BF4B-00C04F79EFBC}") = "Ares.Compiler", "Ares.Compiler\Ares.Compiler.csproj", "{205516ED-1308-4F35-854F-ADE3AA0421F9}"
EndProject
Project("{2150E333-8FDC-42A3-9474-1A3956D46DE8}") = "Example", "Example", "{2FA9A289-1F44-4E8E-B32C-3ACE6E168F08}"
EndProject
Project("{FAE04EC0-301F-11D3-BF4B-00C04F79EFBC}") = "Ares.CompileExample", "Ares.CompileExample\Ares.CompileExample.csproj", "{CEC4B442-03C8-400E-8DB6-59A3AF433E11}"
EndProject
Project("{F2A71F9B-5D33-465A-A702-920D77279786}") = "Ares.Compiler.Parser.Tests", "Ares.Compiler.Parser.Tests\Ares.Compiler.Parser.Tests.fsproj", "{2A6D3BB7-9B9F-4AC2-8C37-8C90CA74C2F0}"
EndProject
Project("{2150E333-8FDC-42A3-9474-1A3956D46DE8}") = "Explorer", "Explorer", "{CF808E79-2AD9-46E0-9426-5ED0D1FA5117}"
EndProject
Project("{FAE04EC0-301F-11D3-BF4B-00C04F79EFBC}") = "Ares.Webasm", "Ares.Webasm\Ares.Webasm.csproj", "{6C62519F-DFE3-456E-B9BE-7722CA5F9926}"
EndProject
Project("{FAE04EC0-301F-11D3-BF4B-00C04F79EFBC}") = "Ares.Compiler.Tests", "Ares.Compiler.Tests\Ares.Compiler.Tests.csproj", "{DBEFE0B4-841C-41E9-856B-E8F8520E8409}"
EndProject
Project("{FAE04EC0-301F-11D3-BF4B-00C04F79EFBC}") = "Ares.Compiler.TypeScriptGenerator", "Ares.Compiler.TypeScriptGenerator\Ares.Compiler.TypeScriptGenerator.csproj", "{57738E82-9D89-40E5-88D3-AFF567DC4B66}"
EndProject
Global
	GlobalSection(SolutionConfigurationPlatforms) = preSolution
		Debug|Any CPU = Debug|Any CPU
		Release|Any CPU = Release|Any CPU
	EndGlobalSection
	GlobalSection(NestedProjects) = preSolution
		{30D142E3-0B3D-4B81-8BFA-200628DF8A64} = {326C5139-A204-41B7-BD9D-5C13C3A108AA}
		{205516ED-1308-4F35-854F-ADE3AA0421F9} = {326C5139-A204-41B7-BD9D-5C13C3A108AA}
		{CEC4B442-03C8-400E-8DB6-59A3AF433E11} = {2FA9A289-1F44-4E8E-B32C-3ACE6E168F08}
		{2A6D3BB7-9B9F-4AC2-8C37-8C90CA74C2F0} = {326C5139-A204-41B7-BD9D-5C13C3A108AA}
		{6C62519F-DFE3-456E-B9BE-7722CA5F9926} = {CF808E79-2AD9-46E0-9426-5ED0D1FA5117}
		{DBEFE0B4-841C-41E9-856B-E8F8520E8409} = {326C5139-A204-41B7-BD9D-5C13C3A108AA}
		{57738E82-9D89-40E5-88D3-AFF567DC4B66} = {326C5139-A204-41B7-BD9D-5C13C3A108AA}
	EndGlobalSection
	GlobalSection(ProjectConfigurationPlatforms) = postSolution
		{30D142E3-0B3D-4B81-8BFA-200628DF8A64}.Debug|Any CPU.ActiveCfg = Debug|Any CPU
		{30D142E3-0B3D-4B81-8BFA-200628DF8A64}.Debug|Any CPU.Build.0 = Debug|Any CPU
		{30D142E3-0B3D-4B81-8BFA-200628DF8A64}.Release|Any CPU.ActiveCfg = Release|Any CPU
		{30D142E3-0B3D-4B81-8BFA-200628DF8A64}.Release|Any CPU.Build.0 = Release|Any CPU
		{205516ED-1308-4F35-854F-ADE3AA0421F9}.Debug|Any CPU.ActiveCfg = Debug|Any CPU
		{205516ED-1308-4F35-854F-ADE3AA0421F9}.Debug|Any CPU.Build.0 = Debug|Any CPU
		{205516ED-1308-4F35-854F-ADE3AA0421F9}.Release|Any CPU.ActiveCfg = Release|Any CPU
		{205516ED-1308-4F35-854F-ADE3AA0421F9}.Release|Any CPU.Build.0 = Release|Any CPU
		{CEC4B442-03C8-400E-8DB6-59A3AF433E11}.Debug|Any CPU.ActiveCfg = Debug|Any CPU
		{CEC4B442-03C8-400E-8DB6-59A3AF433E11}.Debug|Any CPU.Build.0 = Debug|Any CPU
		{CEC4B442-03C8-400E-8DB6-59A3AF433E11}.Release|Any CPU.ActiveCfg = Release|Any CPU
		{CEC4B442-03C8-400E-8DB6-59A3AF433E11}.Release|Any CPU.Build.0 = Release|Any CPU
		{2A6D3BB7-9B9F-4AC2-8C37-8C90CA74C2F0}.Debug|Any CPU.ActiveCfg = Debug|Any CPU
		{2A6D3BB7-9B9F-4AC2-8C37-8C90CA74C2F0}.Debug|Any CPU.Build.0 = Debug|Any CPU
		{2A6D3BB7-9B9F-4AC2-8C37-8C90CA74C2F0}.Release|Any CPU.ActiveCfg = Release|Any CPU
		{2A6D3BB7-9B9F-4AC2-8C37-8C90CA74C2F0}.Release|Any CPU.Build.0 = Release|Any CPU
		{6C62519F-DFE3-456E-B9BE-7722CA5F9926}.Debug|Any CPU.ActiveCfg = Debug|Any CPU
		{6C62519F-DFE3-456E-B9BE-7722CA5F9926}.Debug|Any CPU.Build.0 = Debug|Any CPU
		{6C62519F-DFE3-456E-B9BE-7722CA5F9926}.Release|Any CPU.ActiveCfg = Release|Any CPU
		{6C62519F-DFE3-456E-B9BE-7722CA5F9926}.Release|Any CPU.Build.0 = Release|Any CPU
		{DBEFE0B4-841C-41E9-856B-E8F8520E8409}.Debug|Any CPU.ActiveCfg = Debug|Any CPU
		{DBEFE0B4-841C-41E9-856B-E8F8520E8409}.Debug|Any CPU.Build.0 = Debug|Any CPU
		{DBEFE0B4-841C-41E9-856B-E8F8520E8409}.Release|Any CPU.ActiveCfg = Release|Any CPU
		{DBEFE0B4-841C-41E9-856B-E8F8520E8409}.Release|Any CPU.Build.0 = Release|Any CPU
		{57738E82-9D89-40E5-88D3-AFF567DC4B66}.Debug|Any CPU.ActiveCfg = Debug|Any CPU
		{57738E82-9D89-40E5-88D3-AFF567DC4B66}.Debug|Any CPU.Build.0 = Debug|Any CPU
		{57738E82-9D89-40E5-88D3-AFF567DC4B66}.Release|Any CPU.ActiveCfg = Release|Any CPU
		{57738E82-9D89-40E5-88D3-AFF567DC4B66}.Release|Any CPU.Build.0 = Release|Any CPU
	EndGlobalSection
EndGlobal
